dependencies:
- name: grafana
  repository: https://grafana.github.io/helm-charts
  version: 8.11.3
- name: prometheus
  repository: https://prometheus-community.github.io/helm-charts
  version: 27.19.0
digest: sha256:1a4232d669f7e192b95bcef4d67c6fceb8ecc84dec0577d68f7e8817aee27e2e
generated: "2026-04-06T08:05:41.118427525-04:00"
